
Microsoft Visual Studio Solution File, Format Version 12.00
# Visual Studio Version 16
VisualStudioVersion = 16.0.29102.190
MinimumVisualStudioVersion = 10.0.40219.1
Project("{8BC9CEB8-8B4A-11D0-8D11-00A0C91BC942}") = "lesson 22 Alena", "lesson 22 Alena\lesson 22 Alena.vcxproj", "{7DCC7032-D765-4614-AF9C-1DF31D0B76B6}"
EndProject
Project("{8BC9CEB8-8B4A-11D0-8D11-00A0C91BC942}") = "Vasilchenko_OOP_Lists_CW", "Vasilchenko_OOP_Lists_CW\Vasilchenko_OOP_Lists_CW.vcxproj", "{2F9BE99D-4286-406E-9F30-08F725497D55}"
EndProject
Global
	GlobalSection(SolutionConfigurationPlatforms) = preSolution
		Debug|x64 = Debug|x64
		Debug|x86 = Debug|x86
		Release|x64 = Release|x64
		Release|x86 = Release|x86
	EndGlobalSection
	GlobalSection(ProjectConfigurationPlatforms) = postSolution
		{7DCC7032-D765-4614-AF9C-1DF31D0B76B6}.Debug|x64.ActiveCfg = Debug|x64
		{7DCC7032-D765-4614-AF9C-1DF31D0B76B6}.Debug|x64.Build.0 = Debug|x64
		{7DCC7032-D765-4614-AF9C-1DF31D0B76B6}.Debug|x86.ActiveCfg = Debug|Win32
		{7DCC7032-D765-4614-AF9C-1DF31D0B76B6}.Debug|x86.Build.0 = Debug|Win32
		{7DCC7032-D765-4614-AF9C-1DF31D0B76B6}.Release|x64.ActiveCfg = Release|x64
		{7DCC7032-D765-4614-AF9C-1DF31D0B76B6}.Release|x64.Build.0 = Release|x64
		{7DCC7032-D765-4614-AF9C-1DF31D0B76B6}.Release|x86.ActiveCfg = Release|Win32
		{7DCC7032-D765-4614-AF9C-1DF31D0B76B6}.Release|x86.Build.0 = Release|Win32
		{2F9BE99D-4286-406E-9F30-08F725497D55}.Debug|x64.ActiveCfg = Debug|x64
		{2F9BE99D-4286-406E-9F30-08F725497D55}.Debug|x64.Build.0 = Debug|x64
		{2F9BE99D-4286-406E-9F30-08F725497D55}.Debug|x86.ActiveCfg = Debug|Win32
		{2F9BE99D-4286-406E-9F30-08F725497D55}.Debug|x86.Build.0 = Debug|Win32
		{2F9BE99D-4286-406E-9F30-08F725497D55}.Release|x64.ActiveCfg = Release|x64
		{2F9BE99D-4286-406E-9F30-08F725497D55}.Release|x64.Build.0 = Release|x64
		{2F9BE99D-4286-406E-9F30-08F725497D55}.Release|x86.ActiveCfg = Release|Win32
		{2F9BE99D-4286-406E-9F30-08F725497D55}.Release|x86.Build.0 = Release|Win32
	EndGlobalSection
	GlobalSection(SolutionProperties) = preSolution
		HideSolutionNode = FALSE
	EndGlobalSection
	GlobalSection(ExtensibilityGlobals) = postSolution
		SolutionGuid = {2549A9D7-F541-4DDD-B951-744418241397}
	EndGlobalSection
EndGlobal
